{
  "version": "5",
  "specifiers": {
    "npm:husky@^9.1.7": "9.1.7"
  },
  "npm": {
    "husky@9.1.7": {
      "integrity": "sha512-5gs5ytaNjBrh5Ow3zrvdUUY+0VxIuWVL4i9irt6friV+BqdCfmV11CQTWMiBYWHbXhco+J1kHfTOUkePhCDvMA==",
      "bin": true
    }
  },
  "workspace": {
    "packageJson": {
      "dependencies": [
        "npm:husky@^9.1.7"
      ]
    }
  }
}
